
Microsoft Visual Studio Solution File, Format Version 12.00
# Visual Studio Version 17
VisualStudioVersion = 17.9.34701.34
MinimumVisualStudioVersion = 10.0.40219.1
Project("{FAE04EC0-301F-11D3-BF4B-00C04F79EFBC}") = "KeyLogger", "KeyLogger\KeyLogger.csproj", "{9502C7AD-1F0F-4D52-BD41-916471AE7346}"
EndProject
Global
	GlobalSection(SolutionConfigurationPlatforms) = preSolution
		Debug|Any CPU = Debug|Any CPU
		Release|Any CPU = Release|Any CPU
	EndGlobalSection
	GlobalSection(ProjectConfigurationPlatforms) = postSolution
		{9502C7AD-1F0F-4D52-BD41-916471AE7346}.Debug|Any CPU.ActiveCfg = Debug|Any CPU
		{9502C7AD-1F0F-4D52-BD41-916471AE7346}.Debug|Any CPU.Build.0 = Debug|Any CPU
		{9502C7AD-1F0F-4D52-BD41-916471AE7346}.Release|Any CPU.ActiveCfg = Release|Any CPU
		{9502C7AD-1F0F-4D52-BD41-916471AE7346}.Release|Any CPU.Build.0 = Release|Any CPU
	EndGlobalSection
	GlobalSection(SolutionProperties) = preSolution
		HideSolutionNode = FALSE
	EndGlobalSection
	GlobalSection(ExtensibilityGlobals) = postSolution
		SolutionGuid = {A08EA5CB-7BA2-44BF-9324-4B8CF9CF798B}
	EndGlobalSection
EndGlobal
